{
  "requires": true,
  "lockfileVersion": 1,
  "dependencies": {
    "@types/backbone": {
      "version": "1.3.38",
      "resolved": "https://registry.npmjs.org/@types/backbone/-/backbone-1.3.38.tgz",
      "integrity": "sha512-zILT39P4HcpMXGQnIMsumRd0a8ngQnU81ebjfYlIT3eOPpmX1PJLncTuqjdXCLNRAJNhcgro5vAgWnj/VFQiHw==",
      "dev": true,
      "requires": {
        "@types/jquery": "3.2.15",
        "@types/underscore": "1.8.3"
      }
    },
    "@types/jquery": {
      "version": "3.2.15",
      "resolved": "https://registry.npmjs.org/@types/jquery/-/jquery-3.2.15.tgz",
      "integrity": "sha512-SmiwGv/ISoltkDMngZ8sb9ijj6mYx3084XkHul/U4r03N2C14j6F+Lx+RfZ/f5zGOVOKEUIrRLVCNFKEaVDABQ==",
      "dev": true
    },
    "@types/underscore": {
      "version": "1.8.3",
      "resolved": "https://registry.npmjs.org/@types/underscore/-/underscore-1.8.3.tgz",
      "integrity": "sha512-DP70788BXjp9+CKArXOUlNkZaXa+rHonDpbqH3/74ez16dLL5z2/bMT37etbln5J+H9M07NbRUyduDIoTM2tnw==",
      "dev": true
    }
  }
}
